
Microsoft Visual Studio Solution File, Format Version 12.00
# Visual Studio Version 16
VisualStudioVersion = 16.0.31205.134
MinimumVisualStudioVersion = 10.0.40219.1
Project("{FAE04EC0-301F-11D3-BF4B-00C04F79EFBC}") = "InfSystemWebApplication", "InfSystemWebApplication\InfSystemWebApplication.csproj", "{0397C70D-00EA-4FDF-A213-4C7B60BCA2B6}"
EndProject
Project("{FAE04EC0-301F-11D3-BF4B-00C04F79EFBC}") = "InfSystemWebApplication.Tests", "InfSystemWebApplication.Tests\InfSystemWebApplication.Tests.csproj", "{FD94E17C-0CE5-471F-B9EC-E6A127B1D442}"
EndProject
Global
	GlobalSection(SolutionConfigurationPlatforms) = preSolution
		Debug|Any CPU = Debug|Any CPU
		Release|Any CPU = Release|Any CPU
	EndGlobalSection
	GlobalSection(ProjectConfigurationPlatforms) = postSolution
		{0397C70D-00EA-4FDF-A213-4C7B60BCA2B6}.Debug|Any CPU.ActiveCfg = Debug|Any CPU
		{0397C70D-00EA-4FDF-A213-4C7B60BCA2B6}.Debug|Any CPU.Build.0 = Debug|Any CPU
		{0397C70D-00EA-4FDF-A213-4C7B60BCA2B6}.Release|Any CPU.ActiveCfg = Release|Any CPU
		{0397C70D-00EA-4FDF-A213-4C7B60BCA2B6}.Release|Any CPU.Build.0 = Release|Any CPU
		{FD94E17C-0CE5-471F-B9EC-E6A127B1D442}.Debug|Any CPU.ActiveCfg = Debug|Any CPU
		{FD94E17C-0CE5-471F-B9EC-E6A127B1D442}.Debug|Any CPU.Build.0 = Debug|Any CPU
		{FD94E17C-0CE5-471F-B9EC-E6A127B1D442}.Release|Any CPU.ActiveCfg = Release|Any CPU
		{FD94E17C-0CE5-471F-B9EC-E6A127B1D442}.Release|Any CPU.Build.0 = Release|Any CPU
	EndGlobalSection
	GlobalSection(SolutionProperties) = preSolution
		HideSolutionNode = FALSE
	EndGlobalSection
	GlobalSection(ExtensibilityGlobals) = postSolution
		SolutionGuid = {898369FA-81EC-4032-B7E9-2F15A4BF7A05}
	EndGlobalSection
EndGlobal
